
Microsoft Visual Studio Solution File, Format Version 12.00
# Visual Studio 15
VisualStudioVersion = 15.0.28307.852
MinimumVisualStudioVersion = 10.0.40219.1
Project("{FAE04EC0-301F-11D3-BF4B-00C04F79EFBC}") = "CSWiki.Android", "CSWiki\CSWiki.Android\CSWiki.Android.csproj", "{A19FF3E9-B674-46B7-8CC8-7E4BAD5E4E87}"
EndProject
Project("{FAE04EC0-301F-11D3-BF4B-00C04F79EFBC}") = "CSWiki.iOS", "CSWiki\CSWiki.iOS\CSWiki.iOS.csproj", "{A776C614-F634-4622-B110-450D2EA7E685}"
EndProject
Project("{FAE04EC0-301F-11D3-BF4B-00C04F79EFBC}") = "CSWiki.UWP", "CSWiki\CSWiki.UWP\CSWiki.UWP.csproj", "{5531F41F-7A05-4B10-B54F-F7E42DB766C1}"
EndProject
Project("{FAE04EC0-301F-11D3-BF4B-00C04F79EFBC}") = "CSWiki", "CSWiki\CSWiki\CSWiki.csproj", "{DF5D272B-A719-4F97-920A-51E1CED916A7}"
EndProject
Global
	GlobalSection(SolutionConfigurationPlatforms) = preSolution
		Ad-Hoc|Any CPU = Ad-Hoc|Any CPU
		Ad-Hoc|ARM = Ad-Hoc|ARM
		Ad-Hoc|iPhone = Ad-Hoc|iPhone
		Ad-Hoc|iPhoneSimulator = Ad-Hoc|iPhoneSimulator
		Ad-Hoc|x64 = Ad-Hoc|x64
		Ad-Hoc|x86 = Ad-Hoc|x86
		AppStore|Any CPU = AppStore|Any CPU
		AppStore|ARM = AppStore|ARM
		AppStore|iPhone = AppStore|iPhone
		AppStore|iPhoneSimulator = AppStore|iPhoneSimulator
		AppStore|x64 = AppStore|x64
		AppStore|x86 = AppStore|x86
		Debug|Any CPU = Debug|Any CPU
		Debug|ARM = Debug|ARM
		Debug|iPhone = Debug|iPhone
		Debug|iPhoneSimulator = Debug|iPhoneSimulator
		Debug|x64 = Debug|x64
		Debug|x86 = Debug|x86
		Release|Any CPU = Release|Any CPU
		Release|ARM = Release|ARM
		Release|iPhone = Release|iPhone
		Release|iPhoneSimulator = Release|iPhoneSimulator
		Release|x64 = Release|x64
		Release|x86 = Release|x86
	EndGlobalSection
	GlobalSection(ProjectConfigurationPlatforms) = postSolution
		{A19FF3E9-B674-46B7-8CC8-7E4BAD5E4E87}.Ad-Hoc|Any CPU.ActiveCfg = Release|Any CPU
		{A19FF3E9-B674-46B7-8CC8-7E4BAD5E4E87}.Ad-Hoc|Any CPU.Build.0 = Release|Any CPU
		{A19FF3E9-B674-46B7-8CC8-7E4BAD5E4E87}.Ad-Hoc|Any CPU.Deploy.0 = Release|Any CPU
		{A19FF3E9-B674-46B7-8CC8-7E4BAD5E4E87}.Ad-Hoc|ARM.ActiveCfg = Release|Any CPU
		{A19FF3E9-B674-46B7-8CC8-7E4BAD5E4E87}.Ad-Hoc|ARM.Build.0 = Release|Any CPU
		{A19FF3E9-B674-46B7-8CC8-7E4BAD5E4E87}.Ad-Hoc|ARM.Deploy.0 = Release|Any CPU
		{A19FF3E9-B674-46B7-8CC8-7E4BAD5E4E87}.Ad-Hoc|iPhone.ActiveCfg = Release|Any CPU
		{A19FF3E9-B674-46B7-8CC8-7E4BAD5E4E87}.Ad-Hoc|iPhone.Build.0 = Release|Any CPU
		{A19FF3E9-B674-46B7-8CC8-7E4BAD5E4E87}.Ad-Hoc|iPhone.Deploy.0 = Release|Any CPU
		{A19FF3E9-B674-46B7-8CC8-7E4BAD5E4E87}.Ad-Hoc|iPhoneSimulator.ActiveCfg = Release|Any CPU
		{A19FF3E9-B674-46B7-8CC8-7E4BAD5E4E87}.Ad-Hoc|iPhoneSimulator.Build.0 = Release|Any CPU
		{A19FF3E9-B674-46B7-8CC8-7E4BAD5E4E87}.Ad-Hoc|iPhoneSimulator.Deploy.0 = Release|Any CPU
		{A19FF3E9-B674-46B7-8CC8-7E4BAD5E4E87}.Ad-Hoc|x64.ActiveCfg = Release|Any CPU
		{A19FF3E9-B674-46B7-8CC8-7E4BAD5E4E87}.Ad-Hoc|x64.Build.0 = Release|Any CPU
		{A19FF3E9-B674-46B7-8CC8-7E4BAD5E4E87}.Ad-Hoc|x64.Deploy.0 = Release|Any CPU
		{A19FF3E9-B674-46B7-8CC8-7E4BAD5E4E87}.Ad-Hoc|x86.ActiveCfg = Release|Any CPU
		{A19FF3E9-B674-46B7-8CC8-7E4BAD5E4E87}.Ad-Hoc|x86.Build.0 = Release|Any CPU
		{A19FF3E9-B674-46B7-8CC8-7E4BAD5E4E87}.Ad-Hoc|x86.Deploy.0 = Release|Any CPU
		{A19FF3E9-B674-46B7-8CC8-7E4BAD5E4E87}.AppStore|Any CPU.ActiveCfg = Release|Any CPU
		{A19FF3E9-B674-46B7-8CC8-7E4BAD5E4E87}.AppStore|Any CPU.Build.0 = Release|Any CPU
		{A19FF3E9-B674-46B7-8CC8-7E4BAD5E4E87}.AppStore|Any CPU.Deploy.0 = Release|Any CPU
		{A19FF3E9-B674-46B7-8CC8-7E4BAD5E4E87}.AppStore|ARM.ActiveCfg = Release|Any CPU
		{A19FF3E9-B674-46B7-8CC8-7E4BAD5E4E87}.AppStore|ARM.Build.0 = Release|Any CPU
		{A19FF3E9-B674-46B7-8CC8-7E4BAD5E4E87}.AppStore|ARM.Deploy.0 = Release|Any CPU
		{A19FF3E9-B674-46B7-8CC8-7E4BAD5E4E87}.AppStore|iPhone.ActiveCfg = Release|Any CPU
		{A19FF3E9-B674-46B7-8CC8-7E4BAD5E4E87}.AppStore|iPhone.Build.0 = Release|Any CPU
		{A19FF3E9-B674-46B7-8CC8-7E4BAD5E4E87}.AppStore|iPhone.Deploy.0 = Release|Any CPU
		{A19FF3E9-B674-46B7-8CC8-7E4BAD5E4E87}.AppStore|iPhoneSimulator.ActiveCfg = Release|Any CPU
		{A19FF3E9-B674-46B7-8CC8-7E4BAD5E4E87}.AppStore|iPhoneSimulator.Build.0 = Release|Any CPU
		{A19FF3E9-B674-46B7-8CC8-7E4BAD5E4E87}.AppStore|iPhoneSimulator.Deploy.0 = Release|Any CPU
		{A19FF3E9-B674-46B7-8CC8-7E4BAD5E4E87}.AppStore|x64.ActiveCfg = Release|Any CPU
		{A19FF3E9-B674-46B7-8CC8-7E4BAD5E4E87}.AppStore|x64.Build.0 = Release|Any CPU
		{A19FF3E9-B674-46B7-8CC8-7E4BAD5E4E87}.AppStore|x64.Deploy.0 = Release|Any CPU
		{A19FF3E9-B674-46B7-8CC8-7E4BAD5E4E87}.AppStore|x86.ActiveCfg = Release|Any CPU
		{A19FF3E9-B674-46B7-8CC8-7E4BAD5E4E87}.AppStore|x86.Build.0 = Release|Any CPU
		{A19FF3E9-B674-46B7-8CC8-7E4BAD5E4E87}.AppStore|x86.Deploy.0 = Release|Any CPU
		{A19FF3E9-B674-46B7-8CC8-7E4BAD5E4E87}.Debug|Any CPU.ActiveCfg = Debug|Any CPU
		{A19FF3E9-B674-46B7-8CC8-7E4BAD5E4E87}.Debug|Any CPU.Build.0 = Debug|Any CPU
		{A19FF3E9-B674-46B7-8CC8-7E4BAD5E4E87}.Debug|Any CPU.Deploy.0 = Debug|Any CPU
		{A19FF3E9-B674-46B7-8CC8-7E4BAD5E4E87}.Debug|ARM.ActiveCfg = Debug|Any CPU
		{A19FF3E9-B674-46B7-8CC8-7E4BAD5E4E87}.Debug|ARM.Build.0 = Debug|Any CPU
		{A19FF3E9-B674-46B7-8CC8-7E4BAD5E4E87}.Debug|ARM.Deploy.0 = Debug|Any CPU
		{A19FF3E9-B674-46B7-8CC8-7E4BAD5E4E87}.Debug|iPhone.ActiveCfg = Debug|Any CPU
		{A19FF3E9-B674-46B7-8CC8-7E4BAD5E4E87}.Debug|iPhone.Build.0 = Debug|Any CPU
		{A19FF3E9-B674-46B7-8CC8-7E4BAD5E4E87}.Debug|iPhone.Deploy.0 = Debug|Any CPU
		{A19FF3E9-B674-46B7-8CC8-7E4BAD5E4E87}.Debug|iPhoneSimulator.ActiveCfg = Debug|Any CPU
		{A19FF3E9-B674-46B7-8CC8-7E4BAD5E4E87}.Debug|iPhoneSimulator.Build.0 = Debug|Any CPU
		{A19FF3E9-B674-46B7-8CC8-7E4BAD5E4E87}.Debug|iPhoneSimulator.Deploy.0 = Debug|Any CPU
		{A19FF3E9-B674-46B7-8CC8-7E4BAD5E4E87}.Debug|x64.ActiveCfg = Debug|Any CPU
		{A19FF3E9-B674-46B7-8CC8-7E4BAD5E4E87}.Debug|x64.Build.0 = Debug|Any CPU
		{A19FF3E9-B674-46B7-8CC8-7E4BAD5E4E87}.Debug|x64.Deploy.0 = Debug|Any CPU
		{A19FF3E9-B674-46B7-8CC8-7E4BAD5E4E87}.Debug|x86.ActiveCfg = Debug|Any CPU
		{A19FF3E9-B674-46B7-8CC8-7E4BAD5E4E87}.Debug|x86.Build.0 = Debug|Any CPU
		{A19FF3E9-B674-46B7-8CC8-7E4BAD5E4E87}.Debug|x86.Deploy.0 = Debug|Any CPU
		{A19FF3E9-B674-46B7-8CC8-7E4BAD5E4E87}.Release|Any CPU.ActiveCfg = Release|Any CPU
		{A19FF3E9-B674-46B7-8CC8-7E4BAD5E4E87}.Release|Any CPU.Build.0 = Release|Any CPU
		{A19FF3E9-B674-46B7-8CC8-7E4BAD5E4E87}.Release|Any CPU.Deploy.0 = Release|Any CPU
		{A19FF3E9-B674-46B7-8CC8-7E4BAD5E4E87}.Release|ARM.ActiveCfg = Release|Any CPU
		{A19FF3E9-B674-46B7-8CC8-7E4BAD5E4E87}.Release|ARM.Build.0 = Release|Any CPU
		{A19FF3E9-B674-46B7-8CC8-7E4BAD5E4E87}.Release|ARM.Deploy.0 = Release|Any CPU
		{A19FF3E9-B674-46B7-8CC8-7E4BAD5E4E87}.Release|iPhone.ActiveCfg = Release|Any CPU
		{A19FF3E9-B674-46B7-8CC8-7E4BAD5E4E87}.Release|iPhone.Build.0 = Release|Any CPU
		{A19FF3E9-B674-46B7-8CC8-7E4BAD5E4E87}.Release|iPhone.Deploy.0 = Release|Any CPU
		{A19FF3E9-B674-46B7-8CC8-7E4BAD5E4E87}.Release|iPhoneSimulator.ActiveCfg = Release|Any CPU
		{A19FF3E9-B674-46B7-8CC8-7E4BAD5E4E87}.Release|iPhoneSimulator.Build.0 = Release|Any CPU
		{A19FF3E9-B674-46B7-8CC8-7E4BAD5E4E87}.Release|iPhoneSimulator.Deploy.0 = Release|Any CPU
		{A19FF3E9-B674-46B7-8CC8-7E4BAD5E4E87}.Release|x64.ActiveCfg = Release|Any CPU
		{A19FF3E9-B674-46B7-8CC8-7E4BAD5E4E87}.Release|x64.Build.0 = Release|Any CPU
		{A19FF3E9-B674-46B7-8CC8-7E4BAD5E4E87}.Release|x64.Deploy.0 = Release|Any CPU
		{A19FF3E9-B674-46B7-8CC8-7E4BAD5E4E87}.Release|x86.ActiveCfg = Release|Any CPU
		{A19FF3E9-B674-46B7-8CC8-7E4BAD5E4E87}.Release|x86.Build.0 = Release|Any CPU
		{A19FF3E9-B674-46B7-8CC8-7E4BAD5E4E87}.Release|x86.Deploy.0 = Release|Any CPU
		{A776C614-F634-4622-B110-450D2EA7E685}.Ad-Hoc|Any CPU.ActiveCfg = Ad-Hoc|iPhone
		{A776C614-F634-4622-B110-450D2EA7E685}.Ad-Hoc|Any CPU.Build.0 = Ad-Hoc|iPhone
		{A776C614-F634-4622-B110-450D2EA7E685}.Ad-Hoc|Any CPU.Deploy.0 = Ad-Hoc|iPhone
		{A776C614-F634-4622-B110-450D2EA7E685}.Ad-Hoc|ARM.ActiveCfg = Ad-Hoc|iPhone
		{A776C614-F634-4622-B110-450D2EA7E685}.Ad-Hoc|ARM.Build.0 = Ad-Hoc|iPhone
		{A776C614-F634-4622-B110-450D2EA7E685}.Ad-Hoc|ARM.Deploy.0 = Ad-Hoc|iPhone
		{A776C614-F634-4622-B110-450D2EA7E685}.Ad-Hoc|iPhone.ActiveCfg = Ad-Hoc|iPhone
		{A776C614-F634-4622-B110-450D2EA7E685}.Ad-Hoc|iPhone.Build.0 = Ad-Hoc|iPhone
		{A776C614-F634-4622-B110-450D2EA7E685}.Ad-Hoc|iPhone.Deploy.0 = Ad-Hoc|iPhone
		{A776C614-F634-4622-B110-450D2EA7E685}.Ad-Hoc|iPhoneSimulator.ActiveCfg = Ad-Hoc|iPhoneSimulator
		{A776C614-F634-4622-B110-450D2EA7E685}.Ad-Hoc|iPhoneSimulator.Build.0 = Ad-Hoc|iPhoneSimulator
		{A776C614-F634-4622-B110-450D2EA7E685}.Ad-Hoc|iPhoneSimulator.Deploy.0 = Ad-Hoc|iPhoneSimulator
		{A776C614-F634-4622-B110-450D2EA7E685}.Ad-Hoc|x64.ActiveCfg = Ad-Hoc|iPhone
		{A776C614-F634-4622-B110-450D2EA7E685}.Ad-Hoc|x64.Build.0 = Ad-Hoc|iPhone
		{A776C614-F634-4622-B110-450D2EA7E685}.Ad-Hoc|x64.Deploy.0 = Ad-Hoc|iPhone
		{A776C614-F634-4622-B110-450D2EA7E685}.Ad-Hoc|x86.ActiveCfg = Ad-Hoc|iPhone
		{A776C614-F634-4622-B110-450D2EA7E685}.Ad-Hoc|x86.Build.0 = Ad-Hoc|iPhone
		{A776C614-F634-4622-B110-450D2EA7E685}.Ad-Hoc|x86.Deploy.0 = Ad-Hoc|iPhone
		{A776C614-F634-4622-B110-450D2EA7E685}.AppStore|Any CPU.ActiveCfg = AppStore|iPhone
		{A776C614-F634-4622-B110-450D2EA7E685}.AppStore|Any CPU.Build.0 = AppStore|iPhone
		{A776C614-F634-4622-B110-450D2EA7E685}.AppStore|Any CPU.Deploy.0 = AppStore|iPhone
		{A776C614-F634-4622-B110-450D2EA7E685}.AppStore|ARM.ActiveCfg = AppStore|iPhone
		{A776C614-F634-4622-B110-450D2EA7E685}.AppStore|ARM.Build.0 = AppStore|iPhone
		{A776C614-F634-4622-B110-450D2EA7E685}.AppStore|ARM.Deploy.0 = AppStore|iPhone
		{A776C614-F634-4622-B110-450D2EA7E685}.AppStore|iPhone.ActiveCfg = AppStore|iPhone
		{A776C614-F634-4622-B110-450D2EA7E685}.AppStore|iPhone.Build.0 = AppStore|iPhone
		{A776C614-F634-4622-B110-450D2EA7E685}.AppStore|iPhone.Deploy.0 = AppStore|iPhone
		{A776C614-F634-4622-B110-450D2EA7E685}.AppStore|iPhoneSimulator.ActiveCfg = AppStore|iPhoneSimulator
		{A776C614-F634-4622-B110-450D2EA7E685}.AppStore|iPhoneSimulator.Build.0 = AppStore|iPhoneSimulator
		{A776C614-F634-4622-B110-450D2EA7E685}.AppStore|iPhoneSimulator.Deploy.0 = AppStore|iPhoneSimulator
		{A776C614-F634-4622-B110-450D2EA7E685}.AppStore|x64.ActiveCfg = AppStore|iPhone
		{A776C614-F634-4622-B110-450D2EA7E685}.AppStore|x64.Build.0 = AppStore|iPhone
		{A776C614-F634-4622-B110-450D2EA7E685}.AppStore|x64.Deploy.0 = AppStore|iPhone
		{A776C614-F634-4622-B110-450D2EA7E685}.AppStore|x86.ActiveCfg = AppStore|iPhone
		{A776C614-F634-4622-B110-450D2EA7E685}.AppStore|x86.Build.0 = AppStore|iPhone
		{A776C614-F634-4622-B110-450D2EA7E685}.AppStore|x86.Deploy.0 = AppStore|iPhone
		{A776C614-F634-4622-B110-450D2EA7E685}.Debug|Any CPU.ActiveCfg = Debug|iPhoneSimulator
		{A776C614-F634-4622-B110-450D2EA7E685}.Debug|Any CPU.Build.0 = Debug|iPhoneSimulator
		{A776C614-F634-4622-B110-450D2EA7E685}.Debug|Any CPU.Deploy.0 = Debug|iPhoneSimulator
		{A776C614-F634-4622-B110-450D2EA7E685}.Debug|ARM.ActiveCfg = Debug|iPhone
		{A776C614-F634-4622-B110-450D2EA7E685}.Debug|ARM.Build.0 = Debug|iPhone
		{A776C614-F634-4622-B110-450D2EA7E685}.Debug|ARM.Deploy.0 = Debug|iPhone
		{A776C614-F634-4622-B110-450D2EA7E685}.Debug|iPhone.ActiveCfg = Debug|iPhone
		{A776C614-F634-4622-B110-450D2EA7E685}.Debug|iPhone.Build.0 = Debug|iPhone
		{A776C614-F634-4622-B110-450D2EA7E685}.Debug|iPhone.Deploy.0 = Debug|iPhone
		{A776C614-F634-4622-B110-450D2EA7E685}.Debug|iPhoneSimulator.ActiveCfg = Debug|iPhoneSimulator
		{A776C614-F634-4622-B110-450D2EA7E685}.Debug|iPhoneSimulator.Build.0 = Debug|iPhoneSimulator
		{A776C614-F634-4622-B110-450D2EA7E685}.Debug|iPhoneSimulator.Deploy.0 = Debug|iPhoneSimulator
		{A776C614-F634-4622-B110-450D2EA7E685}.Debug|x64.ActiveCfg = Debug|iPhone
		{A776C614-F634-4622-B110-450D2EA7E685}.Debug|x64.Build.0 = Debug|iPhone
		{A776C614-F634-4622-B110-450D2EA7E685}.Debug|x64.Deploy.0 = Debug|iPhone
		{A776C614-F634-4622-B110-450D2EA7E685}.Debug|x86.ActiveCfg = Debug|iPhone
		{A776C614-F634-4622-B110-450D2EA7E685}.Debug|x86.Build.0 = Debug|iPhone
		{A776C614-F634-4622-B110-450D2EA7E685}.Debug|x86.Deploy.0 = Debug|iPhone
		{A776C614-F634-4622-B110-450D2EA7E685}.Release|Any CPU.ActiveCfg = Release|iPhone
		{A776C614-F634-4622-B110-450D2EA7E685}.Release|Any CPU.Build.0 = Release|iPhone
		{A776C614-F634-4622-B110-450D2EA7E685}.Release|Any CPU.Deploy.0 = Release|iPhone
		{A776C614-F634-4622-B110-450D2EA7E685}.Release|ARM.ActiveCfg = Release|iPhone
		{A776C614-F634-4622-B110-450D2EA7E685}.Release|ARM.Build.0 = Release|iPhone
		{A776C614-F634-4622-B110-450D2EA7E685}.Release|ARM.Deploy.0 = Release|iPhone
		{A776C614-F634-4622-B110-450D2EA7E685}.Release|iPhone.ActiveCfg = Release|iPhone
		{A776C614-F634-4622-B110-450D2EA7E685}.Release|iPhone.Build.0 = Release|iPhone
		{A776C614-F634-4622-B110-450D2EA7E685}.Release|iPhone.Deploy.0 = Release|iPhone
		{A776C614-F634-4622-B110-450D2EA7E685}.Release|iPhoneSimulator.ActiveCfg = Release|iPhoneSimulator
		{A776C614-F634-4622-B110-450D2EA7E685}.Release|iPhoneSimulator.Build.0 = Release|iPhoneSimulator
		{A776C614-F634-4622-B110-450D2EA7E685}.Release|iPhoneSimulator.Deploy.0 = Release|iPhoneSimulator
		{A776C614-F634-4622-B110-450D2EA7E685}.Release|x64.ActiveCfg = Release|iPhone
		{A776C614-F634-4622-B110-450D2EA7E685}.Release|x64.Build.0 = Release|iPhone
		{A776C614-F634-4622-B110-450D2EA7E685}.Release|x64.Deploy.0 = Release|iPhone
		{A776C614-F634-4622-B110-450D2EA7E685}.Release|x86.ActiveCfg = Release|iPhone
		{A776C614-F634-4622-B110-450D2EA7E685}.Release|x86.Build.0 = Release|iPhone
		{A776C614-F634-4622-B110-450D2EA7E685}.Release|x86.Deploy.0 = Release|iPhone
		{5531F41F-7A05-4B10-B54F-F7E42DB766C1}.Ad-Hoc|Any CPU.ActiveCfg = Release|x86
		{5531F41F-7A05-4B10-B54F-F7E42DB766C1}.Ad-Hoc|Any CPU.Build.0 = Release|x86
		{5531F41F-7A05-4B10-B54F-F7E42DB766C1}.Ad-Hoc|Any CPU.Deploy.0 = Release|x86
		{5531F41F-7A05-4B10-B54F-F7E42DB766C1}.Ad-Hoc|ARM.ActiveCfg = Release|ARM
		{5531F41F-7A05-4B10-B54F-F7E42DB766C1}.Ad-Hoc|ARM.Build.0 = Release|ARM
		{5531F41F-7A05-4B10-B54F-F7E42DB766C1}.Ad-Hoc|ARM.Deploy.0 = Release|ARM
		{5531F41F-7A05-4B10-B54F-F7E42DB766C1}.Ad-Hoc|iPhone.ActiveCfg = Release|x86
		{5531F41F-7A05-4B10-B54F-F7E42DB766C1}.Ad-Hoc|iPhone.Build.0 = Release|x86
		{5531F41F-7A05-4B10-B54F-F7E42DB766C1}.Ad-Hoc|iPhone.Deploy.0 = Release|x86
		{5531F41F-7A05-4B10-B54F-F7E42DB766C1}.Ad-Hoc|iPhoneSimulator.ActiveCfg = Release|x86
		{5531F41F-7A05-4B10-B54F-F7E42DB766C1}.Ad-Hoc|iPhoneSimulator.Build.0 = Release|x86
		{5531F41F-7A05-4B10-B54F-F7E42DB766C1}.Ad-Hoc|iPhoneSimulator.Deploy.0 = Release|x86
		{5531F41F-7A05-4B10-B54F-F7E42DB766C1}.Ad-Hoc|x64.ActiveCfg = Release|x64
		{5531F41F-7A05-4B10-B54F-F7E42DB766C1}.Ad-Hoc|x64.Build.0 = Release|x64
		{5531F41F-7A05-4B10-B54F-F7E42DB766C1}.Ad-Hoc|x64.Deploy.0 = Release|x64
		{5531F41F-7A05-4B10-B54F-F7E42DB766C1}.Ad-Hoc|x86.ActiveCfg = Release|x86
		{5531F41F-7A05-4B10-B54F-F7E42DB766C1}.Ad-Hoc|x86.Build.0 = Release|x86
		{5531F41F-7A05-4B10-B54F-F7E42DB766C1}.Ad-Hoc|x86.Deploy.0 = Release|x86
		{5531F41F-7A05-4B10-B54F-F7E42DB766C1}.AppStore|Any CPU.ActiveCfg = Release|x86
		{5531F41F-7A05-4B10-B54F-F7E42DB766C1}.AppStore|Any CPU.Build.0 = Release|x86
		{5531F41F-7A05-4B10-B54F-F7E42DB766C1}.AppStore|Any CPU.Deploy.0 = Release|x86
		{5531F41F-7A05-4B10-B54F-F7E42DB766C1}.AppStore|ARM.ActiveCfg = Release|ARM
		{5531F41F-7A05-4B10-B54F-F7E42DB766C1}.AppStore|ARM.Build.0 = Release|ARM
		{5531F41F-7A05-4B10-B54F-F7E42DB766C1}.AppStore|ARM.Deploy.0 = Release|ARM
		{5531F41F-7A05-4B10-B54F-F7E42DB766C1}.AppStore|iPhone.ActiveCfg = Release|x86
		{5531F41F-7A05-4B10-B54F-F7E42DB766C1}.AppStore|iPhone.Build.0 = Release|x86
		{5531F41F-7A05-4B10-B54F-F7E42DB766C1}.AppStore|iPhone.Deploy.0 = Release|x86
		{5531F41F-7A05-4B10-B54F-F7E42DB766C1}.AppStore|iPhoneSimulator.ActiveCfg = Release|x86
		{5531F41F-7A05-4B10-B54F-F7E42DB766C1}.AppStore|iPhoneSimulator.Build.0 = Release|x86
		{5531F41F-7A05-4B10-B54F-F7E42DB766C1}.AppStore|iPhoneSimulator.Deploy.0 = Release|x86
		{5531F41F-7A05-4B10-B54F-F7E42DB766C1}.AppStore|x64.ActiveCfg = Release|x64
		{5531F41F-7A05-4B10-B54F-F7E42DB766C1}.AppStore|x64.Build.0 = Release|x64
		{5531F41F-7A05-4B10-B54F-F7E42DB766C1}.AppStore|x64.Deploy.0 = Release|x64
		{5531F41F-7A05-4B10-B54F-F7E42DB766C1}.AppStore|x86.ActiveCfg = Release|x86
		{5531F41F-7A05-4B10-B54F-F7E42DB766C1}.AppStore|x86.Build.0 = Release|x86
		{5531F41F-7A05-4B10-B54F-F7E42DB766C1}.AppStore|x86.Deploy.0 = Release|x86
		{5531F41F-7A05-4B10-B54F-F7E42DB766C1}.Debug|Any CPU.ActiveCfg = Debug|x86
		{5531F41F-7A05-4B10-B54F-F7E42DB766C1}.Debug|Any CPU.Build.0 = Debug|x86
		{5531F41F-7A05-4B10-B54F-F7E42DB766C1}.Debug|Any CPU.Deploy.0 = Debug|x86
		{5531F41F-7A05-4B10-B54F-F7E42DB766C1}.Debug|ARM.ActiveCfg = Debug|ARM
		{5531F41F-7A05-4B10-B54F-F7E42DB766C1}.Debug|ARM.Build.0 = Debug|ARM
		{5531F41F-7A05-4B10-B54F-F7E42DB766C1}.Debug|ARM.Deploy.0 = Debug|ARM
		{5531F41F-7A05-4B10-B54F-F7E42DB766C1}.Debug|iPhone.ActiveCfg = Debug|x86
		{5531F41F-7A05-4B10-B54F-F7E42DB766C1}.Debug|iPhone.Build.0 = Debug|x86
		{5531F41F-7A05-4B10-B54F-F7E42DB766C1}.Debug|iPhone.Deploy.0 = Debug|x86
		{5531F41F-7A05-4B10-B54F-F7E42DB766C1}.Debug|iPhoneSimulator.ActiveCfg = Debug|x86
		{5531F41F-7A05-4B10-B54F-F7E42DB766C1}.Debug|iPhoneSimulator.Build.0 = Debug|x86
		{5531F41F-7A05-4B10-B54F-F7E42DB766C1}.Debug|iPhoneSimulator.Deploy.0 = Debug|x86
		{5531F41F-7A05-4B10-B54F-F7E42DB766C1}.Debug|x64.ActiveCfg = Debug|x64
		{5531F41F-7A05-4B10-B54F-F7E42DB766C1}.Debug|x64.Build.0 = Debug|x64
		{5531F41F-7A05-4B10-B54F-F7E42DB766C1}.Debug|x64.Deploy.0 = Debug|x64
		{5531F41F-7A05-4B10-B54F-F7E42DB766C1}.Debug|x86.ActiveCfg = Debug|x86
		{5531F41F-7A05-4B10-B54F-F7E42DB766C1}.Debug|x86.Build.0 = Debug|x86
		{5531F41F-7A05-4B10-B54F-F7E42DB766C1}.Debug|x86.Deploy.0 = Debug|x86
		{5531F41F-7A05-4B10-B54F-F7E42DB766C1}.Release|Any CPU.ActiveCfg = Release|x86
		{5531F41F-7A05-4B10-B54F-F7E42DB766C1}.Release|Any CPU.Build.0 = Release|x86
		{5531F41F-7A05-4B10-B54F-F7E42DB766C1}.Release|Any CPU.Deploy.0 = Release|x86
		{5531F41F-7A05-4B10-B54F-F7E42DB766C1}.Release|ARM.ActiveCfg = Release|ARM
		{5531F41F-7A05-4B10-B54F-F7E42DB766C1}.Release|ARM.Build.0 = Release|ARM
		{5531F41F-7A05-4B10-B54F-F7E42DB766C1}.Release|ARM.Deploy.0 = Release|ARM
		{5531F41F-7A05-4B10-B54F-F7E42DB766C1}.Release|iPhone.ActiveCfg = Release|x86
		{5531F41F-7A05-4B10-B54F-F7E42DB766C1}.Release|iPhone.Build.0 = Release|x86
		{5531F41F-7A05-4B10-B54F-F7E42DB766C1}.Release|iPhone.Deploy.0 = Release|x86
		{5531F41F-7A05-4B10-B54F-F7E42DB766C1}.Release|iPhoneSimulator.ActiveCfg = Release|x86
		{5531F41F-7A05-4B10-B54F-F7E42DB766C1}.Release|iPhoneSimulator.Build.0 = Release|x86
		{5531F41F-7A05-4B10-B54F-F7E42DB766C1}.Release|iPhoneSimulator.Deploy.0 = Release|x86
		{5531F41F-7A05-4B10-B54F-F7E42DB766C1}.Release|x64.ActiveCfg = Release|x64
		{5531F41F-7A05-4B10-B54F-F7E42DB766C1}.Release|x64.Build.0 = Release|x64
		{5531F41F-7A05-4B10-B54F-F7E42DB766C1}.Release|x64.Deploy.0 = Release|x64
		{5531F41F-7A05-4B10-B54F-F7E42DB766C1}.Release|x86.ActiveCfg = Release|x86
		{5531F41F-7A05-4B10-B54F-F7E42DB766C1}.Release|x86.Build.0 = Release|x86
		{5531F41F-7A05-4B10-B54F-F7E42DB766C1}.Release|x86.Deploy.0 = Release|x86
		{DF5D272B-A719-4F97-920A-51E1CED916A7}.Ad-Hoc|Any CPU.ActiveCfg = Debug|Any CPU
		{DF5D272B-A719-4F97-920A-51E1CED916A7}.Ad-Hoc|Any CPU.Build.0 = Debug|Any CPU
		{DF5D272B-A719-4F97-920A-51E1CED916A7}.Ad-Hoc|Any CPU.Deploy.0 = Debug|Any CPU
		{DF5D272B-A719-4F97-920A-51E1CED916A7}.Ad-Hoc|ARM.ActiveCfg = Debug|Any CPU
		{DF5D272B-A719-4F97-920A-51E1CED916A7}.Ad-Hoc|ARM.Build.0 = Debug|Any CPU
		{DF5D272B-A719-4F97-920A-51E1CED916A7}.Ad-Hoc|ARM.Deploy.0 = Debug|Any CPU
		{DF5D272B-A719-4F97-920A-51E1CED916A7}.Ad-Hoc|iPhone.ActiveCfg = Debug|Any CPU
		{DF5D272B-A719-4F97-920A-51E1CED916A7}.Ad-Hoc|iPhone.Build.0 = Debug|Any CPU
		{DF5D272B-A719-4F97-920A-51E1CED916A7}.Ad-Hoc|iPhone.Deploy.0 = Debug|Any CPU
		{DF5D272B-A719-4F97-920A-51E1CED916A7}.Ad-Hoc|iPhoneSimulator.ActiveCfg = Debug|Any CPU
		{DF5D272B-A719-4F97-920A-51E1CED916A7}.Ad-Hoc|iPhoneSimulator.Build.0 = Debug|Any CPU
		{DF5D272B-A719-4F97-920A-51E1CED916A7}.Ad-Hoc|iPhoneSimulator.Deploy.0 = Debug|Any CPU
		{DF5D272B-A719-4F97-920A-51E1CED916A7}.Ad-Hoc|x64.ActiveCfg = Debug|Any CPU
		{DF5D272B-A719-4F97-920A-51E1CED916A7}.Ad-Hoc|x64.Build.0 = Debug|Any CPU
		{DF5D272B-A719-4F97-920A-51E1CED916A7}.Ad-Hoc|x64.Deploy.0 = Debug|Any CPU
		{DF5D272B-A719-4F97-920A-51E1CED916A7}.Ad-Hoc|x86.ActiveCfg = Debug|Any CPU
		{DF5D272B-A719-4F97-920A-51E1CED916A7}.Ad-Hoc|x86.Build.0 = Debug|Any CPU
		{DF5D272B-A719-4F97-920A-51E1CED916A7}.Ad-Hoc|x86.Deploy.0 = Debug|Any CPU
		{DF5D272B-A719-4F97-920A-51E1CED916A7}.AppStore|Any CPU.ActiveCfg = Debug|Any CPU
		{DF5D272B-A719-4F97-920A-51E1CED916A7}.AppStore|Any CPU.Build.0 = Debug|Any CPU
		{DF5D272B-A719-4F97-920A-51E1CED916A7}.AppStore|Any CPU.Deploy.0 = Debug|Any CPU
		{DF5D272B-A719-4F97-920A-51E1CED916A7}.AppStore|ARM.ActiveCfg = Debug|Any CPU
		{DF5D272B-A719-4F97-920A-51E1CED916A7}.AppStore|ARM.Build.0 = Debug|Any CPU
		{DF5D272B-A719-4F97-920A-51E1CED916A7}.AppStore|ARM.Deploy.0 = Debug|Any CPU
		{DF5D272B-A719-4F97-920A-51E1CED916A7}.AppStore|iPhone.ActiveCfg = Debug|Any CPU
		{DF5D272B-A719-4F97-920A-51E1CED916A7}.AppStore|iPhone.Build.0 = Debug|Any CPU
		{DF5D272B-A719-4F97-920A-51E1CED916A7}.AppStore|iPhone.Deploy.0 = Debug|Any CPU
		{DF5D272B-A719-4F97-920A-51E1CED916A7}.AppStore|iPhoneSimulator.ActiveCfg = Debug|Any CPU
		{DF5D272B-A719-4F97-920A-51E1CED916A7}.AppStore|iPhoneSimulator.Build.0 = Debug|Any CPU
		{DF5D272B-A719-4F97-920A-51E1CED916A7}.AppStore|iPhoneSimulator.Deploy.0 = Debug|Any CPU
		{DF5D272B-A719-4F97-920A-51E1CED916A7}.AppStore|x64.ActiveCfg = Debug|Any CPU
		{DF5D272B-A719-4F97-920A-51E1CED916A7}.AppStore|x64.Build.0 = Debug|Any CPU
		{DF5D272B-A719-4F97-920A-51E1CED916A7}.AppStore|x64.Deploy.0 = Debug|Any CPU
		{DF5D272B-A719-4F97-920A-51E1CED916A7}.AppStore|x86.ActiveCfg = Debug|Any CPU
		{DF5D272B-A719-4F97-920A-51E1CED916A7}.AppStore|x86.Build.0 = Debug|Any CPU
		{DF5D272B-A719-4F97-920A-51E1CED916A7}.AppStore|x86.Deploy.0 = Debug|Any CPU
		{DF5D272B-A719-4F97-920A-51E1CED916A7}.Debug|Any CPU.ActiveCfg = Debug|Any CPU
		{DF5D272B-A719-4F97-920A-51E1CED916A7}.Debug|Any CPU.Build.0 = Debug|Any CPU
		{DF5D272B-A719-4F97-920A-51E1CED916A7}.Debug|Any CPU.Deploy.0 = Debug|Any CPU
		{DF5D272B-A719-4F97-920A-51E1CED916A7}.Debug|ARM.ActiveCfg = Debug|Any CPU
		{DF5D272B-A719-4F97-920A-51E1CED916A7}.Debug|ARM.Build.0 = Debug|Any CPU
		{DF5D272B-A719-4F97-920A-51E1CED916A7}.Debug|ARM.Deploy.0 = Debug|Any CPU
		{DF5D272B-A719-4F97-920A-51E1CED916A7}.Debug|iPhone.ActiveCfg = Debug|Any CPU
		{DF5D272B-A719-4F97-920A-51E1CED916A7}.Debug|iPhone.Build.0 = Debug|Any CPU
		{DF5D272B-A719-4F97-920A-51E1CED916A7}.Debug|iPhone.Deploy.0 = Debug|Any CPU
		{DF5D272B-A719-4F97-920A-51E1CED916A7}.Debug|iPhoneSimulator.ActiveCfg = Debug|Any CPU
		{DF5D272B-A719-4F97-920A-51E1CED916A7}.Debug|iPhoneSimulator.Build.0 = Debug|Any CPU
		{DF5D272B-A719-4F97-920A-51E1CED916A7}.Debug|iPhoneSimulator.Deploy.0 = Debug|Any CPU
		{DF5D272B-A719-4F97-920A-51E1CED916A7}.Debug|x64.ActiveCfg = Debug|Any CPU
		{DF5D272B-A719-4F97-920A-51E1CED916A7}.Debug|x64.Build.0 = Debug|Any CPU
		{DF5D272B-A719-4F97-920A-51E1CED916A7}.Debug|x64.Deploy.0 = Debug|Any CPU
		{DF5D272B-A719-4F97-920A-51E1CED916A7}.Debug|x86.ActiveCfg = Debug|Any CPU
		{DF5D272B-A719-4F97-920A-51E1CED916A7}.Debug|x86.Build.0 = Debug|Any CPU
		{DF5D272B-A719-4F97-920A-51E1CED916A7}.Debug|x86.Deploy.0 = Debug|Any CPU
		{DF5D272B-A719-4F97-920A-51E1CED916A7}.Release|Any CPU.ActiveCfg = Release|Any CPU
		{DF5D272B-A719-4F97-920A-51E1CED916A7}.Release|Any CPU.Build.0 = Release|Any CPU
		{DF5D272B-A719-4F97-920A-51E1CED916A7}.Release|Any CPU.Deploy.0 = Release|Any CPU
		{DF5D272B-A719-4F97-920A-51E1CED916A7}.Release|ARM.ActiveCfg = Release|Any CPU
		{DF5D272B-A719-4F97-920A-51E1CED916A7}.Release|ARM.Build.0 = Release|Any CPU
		{DF5D272B-A719-4F97-920A-51E1CED916A7}.Release|ARM.Deploy.0 = Release|Any CPU
		{DF5D272B-A719-4F97-920A-51E1CED916A7}.Release|iPhone.ActiveCfg = Release|Any CPU
		{DF5D272B-A719-4F97-920A-51E1CED916A7}.Release|iPhone.Build.0 = Release|Any CPU
		{DF5D272B-A719-4F97-920A-51E1CED916A7}.Release|iPhone.Deploy.0 = Release|Any CPU
		{DF5D272B-A719-4F97-920A-51E1CED916A7}.Release|iPhoneSimulator.ActiveCfg = Release|Any CPU
		{DF5D272B-A719-4F97-920A-51E1CED916A7}.Release|iPhoneSimulator.Build.0 = Release|Any CPU
		{DF5D272B-A719-4F97-920A-51E1CED916A7}.Release|iPhoneSimulator.Deploy.0 = Release|Any CPU
		{DF5D272B-A719-4F97-920A-51E1CED916A7}.Release|x64.ActiveCfg = Release|Any CPU
		{DF5D272B-A719-4F97-920A-51E1CED916A7}.Release|x64.Build.0 = Release|Any CPU
		{DF5D272B-A719-4F97-920A-51E1CED916A7}.Release|x64.Deploy.0 = Release|Any CPU
		{DF5D272B-A719-4F97-920A-51E1CED916A7}.Release|x86.ActiveCfg = Release|Any CPU
		{DF5D272B-A719-4F97-920A-51E1CED916A7}.Release|x86.Build.0 = Release|Any CPU
		{DF5D272B-A719-4F97-920A-51E1CED916A7}.Release|x86.Deploy.0 = Release|Any CPU
	EndGlobalSection
	GlobalSection(SolutionProperties) = preSolution
		HideSolutionNode = FALSE
	EndGlobalSection
	GlobalSection(ExtensibilityGlobals) = postSolution
		SolutionGuid = {8EF3B0A6-A1E5-4192-A0C9-0B730F9513D0}
	EndGlobalSection
EndGlobal
